
Microsoft Visual Studio Solution File, Format Version 12.00
# Visual Studio 2012
Project("{FAE04EC0-301F-11D3-BF4B-00C04F79EFBC}") = "Playground", "Playground\Playground.csproj", "{836263C6-8C0B-4C8E-8B8F-EDC78CAAA6F5}"
EndProject
Global
	GlobalSection(SolutionConfigurationPlatforms) = preSolution
		Debug|Any CPU = Debug|Any CPU
		Release|Any CPU = Release|Any CPU
	EndGlobalSection
	GlobalSection(ProjectConfigurationPlatforms) = postSolution
		{836263C6-8C0B-4C8E-8B8F-EDC78CAAA6F5}.Debug|Any CPU.ActiveCfg = Debug|Any CPU
		{836263C6-8C0B-4C8E-8B8F-EDC78CAAA6F5}.Debug|Any CPU.Build.0 = Debug|Any CPU
		{836263C6-8C0B-4C8E-8B8F-EDC78CAAA6F5}.Release|Any CPU.ActiveCfg = Release|Any CPU
		{836263C6-8C0B-4C8E-8B8F-EDC78CAAA6F5}.Release|Any CPU.Build.0 = Release|Any CPU
	EndGlobalSection
	GlobalSection(SolutionProperties) = preSolution
		HideSolutionNode = FALSE
	EndGlobalSection
EndGlobal
